
Microsoft Visual Studio Solution File, Format Version 12.00
# Visual Studio Version 16
VisualStudioVersion = 16.0.28803.202
MinimumVisualStudioVersion = 10.0.40219.1
Project("{8BC9CEB8-8B4A-11D0-8D11-00A0C91BC942}") = "GSAT", "GSAT.vcxproj", "{255058D3-1620-44E1-8DF4-A0A7A397ED6F}"
EndProject
Global
	GlobalSection(SolutionConfigurationPlatforms) = preSolution
		Debug|x64 = Debug|x64
		Debug|x86 = Debug|x86
		Release|x64 = Release|x64
		Release|x86 = Release|x86
	EndGlobalSection
	GlobalSection(ProjectConfigurationPlatforms) = postSolution
		{255058D3-1620-44E1-8DF4-A0A7A397ED6F}.Debug|x64.ActiveCfg = Debug|x64
		{255058D3-1620-44E1-8DF4-A0A7A397ED6F}.Debug|x64.Build.0 = Debug|x64
		{255058D3-1620-44E1-8DF4-A0A7A397ED6F}.Debug|x86.ActiveCfg = Debug|Win32
		{255058D3-1620-44E1-8DF4-A0A7A397ED6F}.Debug|x86.Build.0 = Debug|Win32
		{255058D3-1620-44E1-8DF4-A0A7A397ED6F}.Release|x64.ActiveCfg = Release|x64
		{255058D3-1620-44E1-8DF4-A0A7A397ED6F}.Release|x64.Build.0 = Release|x64
		{255058D3-1620-44E1-8DF4-A0A7A397ED6F}.Release|x86.ActiveCfg = Release|Win32
		{255058D3-1620-44E1-8DF4-A0A7A397ED6F}.Release|x86.Build.0 = Release|Win32
	EndGlobalSection
	GlobalSection(SolutionProperties) = preSolution
		HideSolutionNode = FALSE
	EndGlobalSection
	GlobalSection(ExtensibilityGlobals) = postSolution
		SolutionGuid = {93C6C8FC-C187-46BB-AE32-2ACBE532AA1F}
	EndGlobalSection
EndGlobal
